// !$*UTF8*$!
{
	archiveVersion = 1;
	classes = {
	};
	objectVersion = 55;
	objects = {

/* Begin PBXBuildFile section */
		09A6040C27E901F5005EC985 /* AppDelegate.m in Sources */ = {isa = PBXBuildFile; fileRef = 09A6040B27E901F5005EC985 /* AppDelegate.m */; };
		09A6040F27E901F5005EC985 /* SceneDelegate.m in Sources */ = {isa = PBXBuildFile; fileRef = 09A6040E27E901F5005EC985 /* SceneDelegate.m */; };
		09A6041227E901F5005EC985 /* ViewController.m in Sources */ = {isa = PBXBuildFile; fileRef = 09A6041127E901F5005EC985 /* ViewController.m */; };
		09A6041527E901F5005EC985 /* Main.storyboard in Resources */ = {isa = PBXBuildFile; fileRef = 09A6041327E901F5005EC985 /* Main.storyboard */; };
		09A6041727E901F7005EC985 /* Assets.xcassets in Resources */ = {isa = PBXBuildFile; fileRef = 09A6041627E901F7005EC985 /* Assets.xcassets */; };
		09A6041A27E901F7005EC985 /* LaunchScreen.storyboard in Resources */ = {isa = PBXBuildFile; fileRef = 09A6041827E901F7005EC985 /* LaunchScreen.storyboard */; };
		09A6041D27E901F7005EC985 /* main.m in Sources */ = {isa = PBXBuildFile; fileRef = 09A6041C27E901F7005EC985 /* main.m */; };
/* End PBXBuildFile section */

/* Begin PBXContainerItemProxy section */
		09A6042327E901F7005EC985 /* PBXContainerItemProxy */ = {
			isa = PBXContainerItemProxy;
			containerPortal = 09A603FF27E901F5005EC985 /* Project object */;
			proxyType = 1;
			remoteGlobalIDString = 09A6040627E901F5005EC985;
			remoteInfo = "Obj-C";
		};
		09A6042D27E901F7005EC985 /* PBXContainerItemProxy */ = {
			isa = PBXContainerItemProxy;
			containerPortal = 09A603FF27E901F5005EC985 /* Project object */;
			proxyType = 1;
			remoteGlobalIDString = 09A6040627E901F5005EC985;
			remoteInfo = "Obj-C";
		};
/* End PBXContainerItemProxy section */

/* Begin PBXFileReference section */
		09A6040727E901F5005EC985 /* Obj-C.app */ = {isa = PBXFileReference; explicitFileType = wrapper.application; includeInIndex = 0; path = "Obj-C.app"; sourceTree = BUILT_PRODUCTS_DIR; };
		09A6040A27E901F5005EC985 /* AppDelegate.h */ = {isa = PBXFileReference; lastKnownFileType = sourcecode.c.h; path = AppDelegate.h; sourceTree = "<group>"; };
		09A6040B27E901F5005EC985 /* AppDelegate.m */ = {isa = PBXFileReference; lastKnownFileType = sourcecode.c.objc; path = AppDelegate.m; sourceTree = "<group>"; };
		09A6040D27E901F5005EC985 /* SceneDelegate.h */ = {isa = PBXFileReference; lastKnownFileType = sourcecode.c.h; path = SceneDelegate.h; sourceTree = "<group>"; };
		09A6040E27E901F5005EC985 /* SceneDelegate.m */ = {isa = PBXFileReference; lastKnownFileType = sourcecode.c.objc; path = SceneDelegate.m; sourceTree = "<group>"; };
		09A6041027E901F5005EC985 /* ViewController.h */ = {isa = PBXFileReference; lastKnownFileType = sourcecode.c.h; path = ViewController.h; sourceTree = "<group>"; };
		09A6041127E901F5005EC985 /* ViewController.m */ = {isa = PBXFileReference; lastKnownFileType = sourcecode.c.objc; path = ViewController.m; sourceTree = "<group>"; };
		09A6041427E901F5005EC985 /* Base */ = {isa = PBXFileReference; lastKnownFileType = file.storyboard; name = Base; path = Base.lproj/Main.storyboard; sourceTree = "<group>"; };
		09A6041627E901F7005EC985 /* Assets.xcassets */ = {isa = PBXFileReference; lastKnownFileType = folder.assetcatalog; path = Assets.xcassets; sourceTree = "<group>"; };
		09A6041927E901F7005EC985 /* Base */ = {isa = PBXFileReference; lastKnownFileType = file.storyboard; name = Base; path = Base.lproj/LaunchScreen.storyboard; sourceTree = "<group>"; };
		09A6041B27E901F7005EC985 /* Info.plist */ = {isa = PBXFileReference; lastKnownFileType = text.plist.xml; path = Info.plist; sourceTree = "<group>"; };
		09A6041C27E901F7005EC985 /* main.m */ = {isa = PBXFileReference; lastKnownFileType = sourcecode.c.objc; path = main.m; sourceTree = "<group>"; };
		09A6042227E901F7005EC985 /* Obj-CTests.xctest */ = {isa = PBXFileReference; explicitFileType = wrapper.cfbundle; includeInIndex = 0; path = "Obj-CTests.xctest"; sourceTree = BUILT_PRODUCTS_DIR; };
		09A6042C27E901F7005EC985 /* Obj-CUITests.xctest */ = {isa = PBXFileReference; explicitFileType = wrapper.cfbundle; includeInIndex = 0; path = "Obj-CUITests.xctest"; sourceTree = BUILT_PRODUCTS_DIR; };
/* End PBXFileReference section */

/* Begin PBXFrameworksBuildPhase section */
		09A6040427E901F5005EC985 /* Frameworks */ = {
			isa = PBXFrameworksBuildPhase;
			buildActionMask = 2147483647;
			files = (
			);
			runOnlyForDeploymentPostprocessing = 0;
		};
		09A6041F27E901F7005EC985 /* Frameworks */ = {
			isa = PBXFrameworksBuildPhase;
			buildActionMask = 2147483647;
			files = (
			);
			runOnlyForDeploymentPostprocessing = 0;
		};
		09A6042927E901F7005EC985 /* Frameworks */ = {
			isa = PBXFrameworksBuildPhase;
			buildActionMask = 2147483647;
			files = (
			);
			runOnlyForDeploymentPostprocessing = 0;
		};
/* End PBXFrameworksBuildPhase section */

/* Begin PBXGroup section */
		09A603FE27E901F5005EC985 = {
			isa = PBXGroup;
			children = (
				09A6040927E901F5005EC985 /* Obj-C */,
				09A6040827E901F5005EC985 /* Products */,
			);
			sourceTree = "<group>";
		};
		09A6040827E901F5005EC985 /* Products */ = {
			isa = PBXGroup;
			children = (
				09A6040727E901F5005EC985 /* Obj-C.app */,
				09A6042227E901F7005EC985 /* Obj-CTests.xctest */,
				09A6042C27E901F7005EC985 /* Obj-CUITests.xctest */,
			);
			name = Products;
			sourceTree = "<group>";
		};
		09A6040927E901F5005EC985 /* Obj-C */ = {
			isa = PBXGroup;
			children = (
				09A6040A27E901F5005EC985 /* AppDelegate.h */,
				09A6040B27E901F5005EC985 /* AppDelegate.m */,
				09A6040D27E901F5005EC985 /* SceneDelegate.h */,
				09A6040E27E901F5005EC985 /* SceneDelegate.m */,
				09A6041027E901F5005EC985 /* ViewController.h */,
				09A6041127E901F5005EC985 /* ViewController.m */,
				09A6041327E901F5005EC985 /* Main.storyboard */,
				09A6041627E901F7005EC985 /* Assets.xcassets */,
				09A6041827E901F7005EC985 /* LaunchScreen.storyboard */,
				09A6041B27E901F7005EC985 /* Info.plist */,
				09A6041C27E901F7005EC985 /* main.m */,
			);
			path = "Obj-C";
			sourceTree = "<group>";
		};
/* End PBXGroup section */

/* Begin PBXNativeTarget section */
		09A6040627E901F5005EC985 /* Obj-C */ = {
			isa = PBXNativeTarget;
			buildConfigurationList = 09A6043627E901F7005EC985 /* Build configuration list for PBXNativeTarget "Obj-C" */;
			buildPhases = (
				09A6040327E901F5005EC985 /* Sources */,
				09A6040427E901F5005EC985 /* Frameworks */,
				09A6040527E901F5005EC985 /* Resources */,
			);
			buildRules = (
			);
			dependencies = (
			);
			name = "Obj-C";
			productName = "Obj-C";
			productReference = 09A6040727E901F5005EC985 /* Obj-C.app */;
			productType = "com.apple.product-type.application";
		};
		09A6042127E901F7005EC985 /* Obj-CTests */ = {
			isa = PBXNativeTarget;
			buildConfigurationList = 09A6043927E901F7005EC985 /* Build configuration list for PBXNativeTarget "Obj-CTests" */;
			buildPhases = (
				09A6041E27E901F7005EC985 /* Sources */,
				09A6041F27E901F7005EC985 /* Frameworks */,
				09A6042027E901F7005EC985 /* Resources */,
			);
			buildRules = (
			);
			dependencies = (
				09A6042427E901F7005EC985 /* PBXTargetDependency */,
			);
			name = "Obj-CTests";
			productName = "Obj-CTests";
			productReference = 09A6042227E901F7005EC985 /* Obj-CTests.xctest */;
			productType = "com.apple.product-type.bundle.unit-test";
		};
		09A6042B27E901F7005EC985 /* Obj-CUITests */ = {
			isa = PBXNativeTarget;
			buildConfigurationList = 09A6043C27E901F7005EC985 /* Build configuration list for PBXNativeTarget "Obj-CUITests" */;
			buildPhases = (
				09A6042827E901F7005EC985 /* Sources */,
				09A6042927E901F7005EC985 /* Frameworks */,
				09A6042A27E901F7005EC985 /* Resources */,
			);
			buildRules = (
			);
			dependencies = (
				09A6042E27E901F7005EC985 /* PBXTargetDependency */,
			);
			name = "Obj-CUITests";
			productName = "Obj-CUITests";
			productReference = 09A6042C27E901F7005EC985 /* Obj-CUITests.xctest */;
			productType = "com.apple.product-type.bundle.ui-testing";
		};
/* End PBXNativeTarget section */

/* Begin PBXProject section */
		09A603FF27E901F5005EC985 /* Project object */ = {
			isa = PBXProject;
			attributes = {
				BuildIndependentTargetsInParallel = 1;
				LastUpgradeCheck = 1330;
				TargetAttributes = {
					09A6040627E901F5005EC985 = {
						CreatedOnToolsVersion = 13.3;
					};
					09A6042127E901F7005EC985 = {
						CreatedOnToolsVersion = 13.3;
						TestTargetID = 09A6040627E901F5005EC985;
					};
					09A6042B27E901F7005EC985 = {
						CreatedOnToolsVersion = 13.3;
						TestTargetID = 09A6040627E901F5005EC985;
					};
				};
			};
			buildConfigurationList = 09A6040227E901F5005EC985 /* Build configuration list for PBXProject "Obj-C" */;
			compatibilityVersion = "Xcode 13.0";
			developmentRegion = en;
			hasScannedForEncodings = 0;
			knownRegions = (
				en,
				Base,
			);
			mainGroup = 09A603FE27E901F5005EC985;
			productRefGroup = 09A6040827E901F5005EC985 /* Products */;
			projectDirPath = "";
			projectRoot = "";
			targets = (
				09A6040627E901F5005EC985 /* Obj-C */,
				09A6042127E901F7005EC985 /* Obj-CTests */,
				09A6042B27E901F7005EC985 /* Obj-CUITests */,
			);
		};
/* End PBXProject section */

/* Begin PBXResourcesBuildPhase section */
		09A6040527E901F5005EC985 /* Resources */ = {
			isa = PBXResourcesBuildPhase;
			buildActionMask = 2147483647;
			files = (
				09A6041A27E901F7005EC985 /* LaunchScreen.storyboard in Resources */,
				09A6041727E901F7005EC985 /* Assets.xcassets in Resources */,
				09A6041527E901F5005EC985 /* Main.storyboard in Resources */,
			);
			runOnlyForDeploymentPostprocessing = 0;
		};
		09A6042027E901F7005EC985 /* Resources */ = {
			isa = PBXResourcesBuildPhase;
			buildActionMask = 2147483647;
			files = (
			);
			runOnlyForDeploymentPostprocessing = 0;
		};
		09A6042A27E901F7005EC985 /* Resources */ = {
			isa = PBXResourcesBuildPhase;
			buildActionMask = 2147483647;
			files = (
			);
			runOnlyForDeploymentPostprocessing = 0;
		};
/* End PBXResourcesBuildPhase section */

/* Begin PBXSourcesBuildPhase section */
		09A6040327E901F5005EC985 /* Sources */ = {
			isa = PBXSourcesBuildPhase;
			buildActionMask = 2147483647;
			files = (
				09A6041227E901F5005EC985 /* ViewController.m in Sources */,
				09A6040C27E901F5005EC985 /* AppDelegate.m in Sources */,
				09A6041D27E901F7005EC985 /* main.m in Sources */,
				09A6040F27E901F5005EC985 /* SceneDelegate.m in Sources */,
			);
			runOnlyForDeploymentPostprocessing = 0;
		};
		09A6041E27E901F7005EC985 /* Sources */ = {
			isa = PBXSourcesBuildPhase;
			buildActionMask = 2147483647;
			files = (
			);
			runOnlyForDeploymentPostprocessing = 0;
		};
		09A6042827E901F7005EC985 /* Sources */ = {
			isa = PBXSourcesBuildPhase;
			buildActionMask = 2147483647;
			files = (
			);
			runOnlyForDeploymentPostprocessing = 0;
		};
/* End PBXSourcesBuildPhase section */

/* Begin PBXTargetDependency section */
		09A6042427E901F7005EC985 /* PBXTargetDependency */ = {
			isa = PBXTargetDependency;
			target = 09A6040627E901F5005EC985 /* Obj-C */;
			targetProxy = 09A6042327E901F7005EC985 /* PBXContainerItemProxy */;
		};
		09A6042E27E901F7005EC985 /* PBXTargetDependency */ = {
			isa = PBXTargetDependency;
			target = 09A6040627E901F5005EC985 /* Obj-C */;
			targetProxy = 09A6042D27E901F7005EC985 /* PBXContainerItemProxy */;
		};
/* End PBXTargetDependency section */

/* Begin PBXVariantGroup section */
		09A6041327E901F5005EC985 /* Main.storyboard */ = {
			isa = PBXVariantGroup;
			children = (
				09A6041427E901F5005EC985 /* Base */,
			);
			name = Main.storyboard;
			sourceTree = "<group>";
		};
		09A6041827E901F7005EC985 /* LaunchScreen.storyboard */ = {
			isa = PBXVariantGroup;
			children = (
				09A6041927E901F7005EC985 /* Base */,
			);
			name = LaunchScreen.storyboard;
			sourceTree = "<group>";
		};
/* End PBXVariantGroup section */

/* Begin XCBuildConfiguration section */
		09A6043427E901F7005EC985 /* Debug */ = {
			isa = XCBuildConfiguration;
			buildSettings = {
				ALWAYS_SEARCH_USER_PATHS = NO;
				CLANG_ANALYZER_NONNULL = YES;
				CLANG_ANALYZER_NUMBER_OBJECT_CONVERSION = YES_AGGRESSIVE;
				CLANG_CXX_LANGUAGE_STANDARD = "gnu++17";
				CLANG_ENABLE_MODULES = YES;
				CLANG_ENABLE_OBJC_ARC = YES;
				CLANG_ENABLE_OBJC_WEAK = YES;
				CLANG_WARN_BLOCK_CAPTURE_AUTORELEASING = YES;
				CLANG_WARN_BOOL_CONVERSION = YES;
				CLANG_WARN_COMMA = YES;
				CLANG_WARN_CONSTANT_CONVERSION = YES;
				CLANG_WARN_DEPRECATED_OBJC_IMPLEMENTATIONS = YES;
				CLANG_WARN_DIRECT_OBJC_ISA_USAGE = YES_ERROR;
				CLANG_WARN_DOCUMENTATION_COMMENTS = YES;
				CLANG_WARN_EMPTY_BODY = YES;
				CLANG_WARN_ENUM_CONVERSION = YES;
				CLANG_WARN_INFINITE_RECURSION = YES;
				CLANG_WARN_INT_CONVERSION = YES;
				CLANG_WARN_NON_LITERAL_NULL_CONVERSION = YES;
				CLANG_WARN_OBJC_IMPLICIT_RETAIN_SELF = YES;
				CLANG_WARN_OBJC_LITERAL_CONVERSION = YES;
				CLANG_WARN_OBJC_ROOT_CLASS = YES_ERROR;
				CLANG_WARN_QUOTED_INCLUDE_IN_FRAMEWORK_HEADER = YES;
				CLANG_WARN_RANGE_LOOP_ANALYSIS = YES;
				CLANG_WARN_STRICT_PROTOTYPES = YES;
				CLANG_WARN_SUSPICIOUS_MOVE = YES;
				CLANG_WARN_UNGUARDED_AVAILABILITY = YES_AGGRESSIVE;
				CLANG_WARN_UNREACHABLE_CODE = YES;
				CLANG_WARN__DUPLICATE_METHOD_MATCH = YES;
				COPY_PHASE_STRIP = NO;
				DEBUG_INFORMATION_FORMAT = dwarf;
				ENABLE_STRICT_OBJC_MSGSEND = YES;
				ENABLE_TESTABILITY = YES;
				GCC_C_LANGUAGE_STANDARD = gnu11;
				GCC_DYNAMIC_NO_PIC = NO;
				GCC_NO_COMMON_BLOCKS = YES;
				GCC_OPTIMIZATION_LEVEL = 0;
				GCC_PREPROCESSOR_DEFINITIONS = (
					"DEBUG=1",
					"$(inherited)",
				);
				GCC_WARN_64_TO_32_BIT_CONVERSION = YES;
				GCC_WARN_ABOUT_RETURN_TYPE = YES_ERROR;
				GCC_WARN_UNDECLARED_SELECTOR = YES;
				GCC_WARN_UNINITIALIZED_AUTOS = YES_AGGRESSIVE;
				GCC_WARN_UNUSED_FUNCTION = YES;
				GCC_WARN_UNUSED_VARIABLE = YES;
				IPHONEOS_DEPLOYMENT_TARGET = 15.4;
				MTL_ENABLE_DEBUG_INFO = INCLUDE_SOURCE;
				MTL_FAST_MATH = YES;
				ONLY_ACTIVE_ARCH = YES;
				SDKROOT = iphoneos;
			};
			name = Debug;
		};
		09A6043527E901F7005EC985 /* Release */ = {
			isa = XCBuildConfiguration;
			buildSettings = {
				ALWAYS_SEARCH_USER_PATHS = NO;
				CLANG_ANALYZER_NONNULL = YES;
				CLANG_ANALYZER_NUMBER_OBJECT_CONVERSION = YES_AGGRESSIVE;
				CLANG_CXX_LANGUAGE_STANDARD = "gnu++17";
				CLANG_ENABLE_MODULES = YES;
				CLANG_ENABLE_OBJC_ARC = YES;
				CLANG_ENABLE_OBJC_WEAK = YES;
				CLANG_WARN_BLOCK_CAPTURE_AUTORELEASING = YES;
				CLANG_WARN_BOOL_CONVERSION = YES;
				CLANG_WARN_COMMA = YES;
				CLANG_WARN_CONSTANT_CONVERSION = YES;
				CLANG_WARN_DEPRECATED_OBJC_IMPLEMENTATIONS = YES;
				CLANG_WARN_DIRECT_OBJC_ISA_USAGE = YES_ERROR;
				CLANG_WARN_DOCUMENTATION_COMMENTS = YES;
				CLANG_WARN_EMPTY_BODY = YES;
				CLANG_WARN_ENUM_CONVERSION = YES;
				CLANG_WARN_INFINITE_RECURSION = YES;
				CLANG_WARN_INT_CONVERSION = YES;
				CLANG_WARN_NON_LITERAL_NULL_CONVERSION = YES;
				CLANG_WARN_OBJC_IMPLICIT_RETAIN_SELF = YES;
				CLANG_WARN_OBJC_LITERAL_CONVERSION = YES;
				CLANG_WARN_OBJC_ROOT_CLASS = YES_ERROR;
				CLANG_WARN_QUOTED_INCLUDE_IN_FRAMEWORK_HEADER = YES;
				CLANG_WARN_RANGE_LOOP_ANALYSIS = YES;
				CLANG_WARN_STRICT_PROTOTYPES = YES;
				CLANG_WARN_SUSPICIOUS_MOVE = YES;
				CLANG_WARN_UNGUARDED_AVAILABILITY = YES_AGGRESSIVE;
				CLANG_WARN_UNREACHABLE_CODE = YES;
				CLANG_WARN__DUPLICATE_METHOD_MATCH = YES;
				COPY_PHASE_STRIP = NO;
				DEBUG_INFORMATION_FORMAT = "dwarf-with-dsym";
				ENABLE_NS_ASSERTIONS = NO;
				ENABLE_STRICT_OBJC_MSGSEND = YES;
				GCC_C_LANGUAGE_STANDARD = gnu11;
				GCC_NO_COMMON_BLOCKS = YES;
				GCC_WARN_64_TO_32_BIT_CONVERSION = YES;
				GCC_WARN_ABOUT_RETURN_TYPE = YES_ERROR;
				GCC_WARN_UNDECLARED_SELECTOR = YES;
				GCC_WARN_UNINITIALIZED_AUTOS = YES_AGGRESSIVE;
				GCC_WARN_UNUSED_FUNCTION = YES;
				GCC_WARN_UNUSED_VARIABLE = YES;
				IPHONEOS_DEPLOYMENT_TARGET = 15.4;
				MTL_ENABLE_DEBUG_INFO = NO;
				MTL_FAST_MATH = YES;
				SDKROOT = iphoneos;
				VALIDATE_PRODUCT = YES;
			};
			name = Release;
		};
		09A6043727E901F7005EC985 /* Debug */ = {
			isa = XCBuildConfiguration;
			buildSettings = {
				ASSETCATALOG_COMPILER_APPICON_NAME = AppIcon;
				ASSETCATALOG_COMPILER_GLOBAL_ACCENT_COLOR_NAME = AccentColor;
				CODE_SIGN_STYLE = Automatic;
				CURRENT_PROJECT_VERSION = 1;
				DEVELOPMENT_TEAM = 4A7DB99C3F;
				GENERATE_INFOPLIST_FILE = YES;
				INFOPLIST_FILE = "Obj-C/Info.plist";
				INFOPLIST_KEY_UIApplicationSupportsIndirectInputEvents = YES;
				INFOPLIST_KEY_UILaunchStoryboardName = LaunchScreen;
				INFOPLIST_KEY_UIMainStoryboardFile = Main;
				INFOPLIST_KEY_UISupportedInterfaceOrientations_iPad = "UIInterfaceOrientationPortrait UIInterfaceOrientationPortraitUpsideDown UIInterfaceOrientationLandscapeLeft UIInterfaceOrientationLandscapeRight";
				INFOPLIST_KEY_UISupportedInterfaceOrientations_iPhone = "UIInterfaceOrientationPortrait UIInterfaceOrientationLandscapeLeft UIInterfaceOrientationLandscapeRight";
				LD_RUNPATH_SEARCH_PATHS = (
					"$(inherited)",
					"@executable_path/Frameworks",
				);
				MARKETING_VERSION = 1.0;
				PRODUCT_BUNDLE_IDENTIFIER = "com.zorzo.Obj-C";
				PRODUCT_NAME = "$(TARGET_NAME)";
				SWIFT_EMIT_LOC_STRINGS = YES;
				TARGETED_DEVICE_FAMILY = "1,2";
			};
			name = Debug;
		};
		09A6043827E901F7005EC985 /* Release */ = {
			isa = XCBuildConfiguration;
			buildSettings = {
				ASSETCATALOG_COMPILER_APPICON_NAME = AppIcon;
				ASSETCATALOG_COMPILER_GLOBAL_ACCENT_COLOR_NAME = AccentColor;
				CODE_SIGN_STYLE = Automatic;
				CURRENT_PROJECT_VERSION = 1;
				DEVELOPMENT_TEAM = 4A7DB99C3F;
				GENERATE_INFOPLIST_FILE = YES;
				INFOPLIST_FILE = "Obj-C/Info.plist";
				INFOPLIST_KEY_UIApplicationSupportsIndirectInputEvents = YES;
				INFOPLIST_KEY_UILaunchStoryboardName = LaunchScreen;
				INFOPLIST_KEY_UIMainStoryboardFile = Main;
				INFOPLIST_KEY_UISupportedInterfaceOrientations_iPad = "UIInterfaceOrientationPortrait UIInterfaceOrientationPortraitUpsideDown UIInterfaceOrientationLandscapeLeft UIInterfaceOrientationLandscapeRight";
				INFOPLIST_KEY_UISupportedInterfaceOrientations_iPhone = "UIInterfaceOrientationPortrait UIInterfaceOrientationLandscapeLeft UIInterfaceOrientationLandscapeRight";
				LD_RUNPATH_SEARCH_PATHS = (
					"$(inherited)",
					"@executable_path/Frameworks",
				);
				MARKETING_VERSION = 1.0;
				PRODUCT_BUNDLE_IDENTIFIER = "com.zorzo.Obj-C";
				PRODUCT_NAME = "$(TARGET_NAME)";
				SWIFT_EMIT_LOC_STRINGS = YES;
				TARGETED_DEVICE_FAMILY = "1,2";
			};
			name = Release;
		};
		09A6043A27E901F7005EC985 /* Debug */ = {
			isa = XCBuildConfiguration;
			buildSettings = {
				BUNDLE_LOADER = "$(TEST_HOST)";
				CODE_SIGN_STYLE = Automatic;
				CURRENT_PROJECT_VERSION = 1;
				DEVELOPMENT_TEAM = 4A7DB99C3F;
				GENERATE_INFOPLIST_FILE = YES;
				IPHONEOS_DEPLOYMENT_TARGET = 15.4;
				MARKETING_VERSION = 1.0;
				PRODUCT_BUNDLE_IDENTIFIER = "com.zorzo.Obj-CTests";
				PRODUCT_NAME = "$(TARGET_NAME)";
				SWIFT_EMIT_LOC_STRINGS = NO;
				TARGETED_DEVICE_FAMILY = "1,2";
				TEST_HOST = "$(BUILT_PRODUCTS_DIR)/Obj-C.app/Obj-C";
			};
			name = Debug;
		};
		09A6043B27E901F7005EC985 /* Release */ = {
			isa = XCBuildConfiguration;
			buildSettings = {
				BUNDLE_LOADER = "$(TEST_HOST)";
				CODE_SIGN_STYLE = Automatic;
				CURRENT_PROJECT_VERSION = 1;
				DEVELOPMENT_TEAM = 4A7DB99C3F;
				GENERATE_INFOPLIST_FILE = YES;
				IPHONEOS_DEPLOYMENT_TARGET = 15.4;
				MARKETING_VERSION = 1.0;
				PRODUCT_BUNDLE_IDENTIFIER = "com.zorzo.Obj-CTests";
				PRODUCT_NAME = "$(TARGET_NAME)";
				SWIFT_EMIT_LOC_STRINGS = NO;
				TARGETED_DEVICE_FAMILY = "1,2";
				TEST_HOST = "$(BUILT_PRODUCTS_DIR)/Obj-C.app/Obj-C";
			};
			name = Release;
		};
		09A6043D27E901F7005EC985 /* Debug */ = {
			isa = XCBuildConfiguration;
			buildSettings = {
				CODE_SIGN_STYLE = Automatic;
				CURRENT_PROJECT_VERSION = 1;
				DEVELOPMENT_TEAM = 4A7DB99C3F;
				GENERATE_INFOPLIST_FILE = YES;
				MARKETING_VERSION = 1.0;
				PRODUCT_BUNDLE_IDENTIFIER = "com.zorzo.Obj-CUITests";
				PRODUCT_NAME = "$(TARGET_NAME)";
				SWIFT_EMIT_LOC_STRINGS = NO;
				TARGETED_DEVICE_FAMILY = "1,2";
				TEST_TARGET_NAME = "Obj-C";
			};
			name = Debug;
		};
		09A6043E27E901F7005EC985 /* Release */ = {
			isa = XCBuildConfiguration;
			buildSettings = {
				CODE_SIGN_STYLE = Automatic;
				CURRENT_PROJECT_VERSION = 1;
				DEVELOPMENT_TEAM = 4A7DB99C3F;
				GENERATE_INFOPLIST_FILE = YES;
				MARKETING_VERSION = 1.0;
				PRODUCT_BUNDLE_IDENTIFIER = "com.zorzo.Obj-CUITests";
				PRODUCT_NAME = "$(TARGET_NAME)";
				SWIFT_EMIT_LOC_STRINGS = NO;
				TARGETED_DEVICE_FAMILY = "1,2";
				TEST_TARGET_NAME = "Obj-C";
			};
			name = Release;
		};
/* End XCBuildConfiguration section */

/* Begin XCConfigurationList section */
		09A6040227E901F5005EC985 /* Build configuration list for PBXProject "Obj-C" */ = {
			isa = XCConfigurationList;
			buildConfigurations = (
				09A6043427E901F7005EC985 /* Debug */,
				09A6043527E901F7005EC985 /* Release */,
			);
			defaultConfigurationIsVisible = 0;
			defaultConfigurationName = Release;
		};
		09A6043627E901F7005EC985 /* Build configuration list for PBXNativeTarget "Obj-C" */ = {
			isa = XCConfigurationList;
			buildConfigurations = (
				09A6043727E901F7005EC985 /* Debug */,
				09A6043827E901F7005EC985 /* Release */,
			);
			defaultConfigurationIsVisible = 0;
			defaultConfigurationName = Release;
		};
		09A6043927E901F7005EC985 /* Build configuration list for PBXNativeTarget "Obj-CTests" */ = {
			isa = XCConfigurationList;
			buildConfigurations = (
				09A6043A27E901F7005EC985 /* Debug */,
				09A6043B27E901F7005EC985 /* Release */,
			);
			defaultConfigurationIsVisible = 0;
			defaultConfigurationName = Release;
		};
		09A6043C27E901F7005EC985 /* Build configuration list for PBXNativeTarget "Obj-CUITests" */ = {
			isa = XCConfigurationList;
			buildConfigurations = (
				09A6043D27E901F7005EC985 /* Debug */,
				09A6043E27E901F7005EC985 /* Release */,
			);
			defaultConfigurationIsVisible = 0;
			defaultConfigurationName = Release;
		};
/* End XCConfigurationList section */
	};
	rootObject = 09A603FF27E901F5005EC985 /* Project object */;
}
